
Microsoft Visual Studio Solution File, Format Version 12.00
# Visual Studio Version 17
VisualStudioVersion = 17.4.33110.190
MinimumVisualStudioVersion = 10.0.40219.1
Project("{FAE04EC0-301F-11D3-BF4B-00C04F79EFBC}") = "HrmRecruitingProj", "HrmRecruitingProj\HrmRecruitingProj.csproj", "{480871B3-5863-452A-AA71-298FD629D87E}"
EndProject
Project("{FAE04EC0-301F-11D3-BF4B-00C04F79EFBC}") = "Recruiting.ApplicationCore", "ApplicationCore\Recruiting.ApplicationCore.csproj", "{225F3D0D-4212-4783-A6E0-03986B30A806}"
EndProject
Project("{FAE04EC0-301F-11D3-BF4B-00C04F79EFBC}") = "Recruiting.Infrastructure", "Infrastructure\Recruiting.Infrastructure.csproj", "{72052681-FEB7-4996-AE97-02B91A4220B1}"
EndProject
Global
	GlobalSection(SolutionConfigurationPlatforms) = preSolution
		Debug|Any CPU = Debug|Any CPU
		Release|Any CPU = Release|Any CPU
	EndGlobalSection
	GlobalSection(ProjectConfigurationPlatforms) = postSolution
		{480871B3-5863-452A-AA71-298FD629D87E}.Debug|Any CPU.ActiveCfg = Debug|Any CPU
		{480871B3-5863-452A-AA71-298FD629D87E}.Debug|Any CPU.Build.0 = Debug|Any CPU
		{480871B3-5863-452A-AA71-298FD629D87E}.Release|Any CPU.ActiveCfg = Release|Any CPU
		{480871B3-5863-452A-AA71-298FD629D87E}.Release|Any CPU.Build.0 = Release|Any CPU
		{225F3D0D-4212-4783-A6E0-03986B30A806}.Debug|Any CPU.ActiveCfg = Debug|Any CPU
		{225F3D0D-4212-4783-A6E0-03986B30A806}.Debug|Any CPU.Build.0 = Debug|Any CPU
		{225F3D0D-4212-4783-A6E0-03986B30A806}.Release|Any CPU.ActiveCfg = Release|Any CPU
		{225F3D0D-4212-4783-A6E0-03986B30A806}.Release|Any CPU.Build.0 = Release|Any CPU
		{72052681-FEB7-4996-AE97-02B91A4220B1}.Debug|Any CPU.ActiveCfg = Debug|Any CPU
		{72052681-FEB7-4996-AE97-02B91A4220B1}.Debug|Any CPU.Build.0 = Debug|Any CPU
		{72052681-FEB7-4996-AE97-02B91A4220B1}.Release|Any CPU.ActiveCfg = Release|Any CPU
		{72052681-FEB7-4996-AE97-02B91A4220B1}.Release|Any CPU.Build.0 = Release|Any CPU
	EndGlobalSection
	GlobalSection(SolutionProperties) = preSolution
		HideSolutionNode = FALSE
	EndGlobalSection
	GlobalSection(ExtensibilityGlobals) = postSolution
		SolutionGuid = {25330115-C244-471C-AFB3-3E1F9AECC36F}
	EndGlobalSection
EndGlobal
